
Microsoft Visual Studio Solution File, Format Version 11.00
# Visual Studio 2010
Project("{FAE04EC0-301F-11D3-BF4B-00C04F79EFBC}") = "Assembly-CSharp", "Assembly-CSharp.csproj", "{2DF296EE-5C2D-FA3D-73BF-CF4EDB27E0A0}"
EndProject
Project("{FAE04EC0-301F-11D3-BF4B-00C04F79EFBC}") = "Assembly-CSharp-Editor", "Assembly-CSharp-Editor.csproj", "{090D2917-C861-6DD9-6E3D-4F330E57E57D}"
EndProject
Global
	GlobalSection(SolutionConfigurationPlatforms) = preSolution
		Debug|Any CPU = Debug|Any CPU
		Release|Any CPU = Release|Any CPU
	EndGlobalSection
	GlobalSection(ProjectConfigurationPlatforms) = postSolution
		{2DF296EE-5C2D-FA3D-73BF-CF4EDB27E0A0}.Debug|Any CPU.ActiveCfg = Debug|Any CPU
		{2DF296EE-5C2D-FA3D-73BF-CF4EDB27E0A0}.Debug|Any CPU.Build.0 = Debug|Any CPU
		{2DF296EE-5C2D-FA3D-73BF-CF4EDB27E0A0}.Release|Any CPU.ActiveCfg = Release|Any CPU
		{2DF296EE-5C2D-FA3D-73BF-CF4EDB27E0A0}.Release|Any CPU.Build.0 = Release|Any CPU
		{090D2917-C861-6DD9-6E3D-4F330E57E57D}.Debug|Any CPU.ActiveCfg = Debug|Any CPU
		{090D2917-C861-6DD9-6E3D-4F330E57E57D}.Debug|Any CPU.Build.0 = Debug|Any CPU
		{090D2917-C861-6DD9-6E3D-4F330E57E57D}.Release|Any CPU.ActiveCfg = Release|Any CPU
		{090D2917-C861-6DD9-6E3D-4F330E57E57D}.Release|Any CPU.Build.0 = Release|Any CPU
	EndGlobalSection
	GlobalSection(SolutionProperties) = preSolution
		HideSolutionNode = FALSE
	EndGlobalSection
EndGlobal
